
Microsoft Visual Studio Solution File, Format Version 12.00
# Visual Studio Version 16
VisualStudioVersion = 16.0.30621.155
MinimumVisualStudioVersion = 10.0.40219.1
Project("{FAE04EC0-301F-11D3-BF4B-00C04F79EFBC}") = "usingSets", "usingSets\usingSets.csproj", "{5E770A70-8EBC-43C7-856E-7A4DD4C7F228}"
EndProject
Global
	GlobalSection(SolutionConfigurationPlatforms) = preSolution
		Debug|Any CPU = Debug|Any CPU
		Release|Any CPU = Release|Any CPU
	EndGlobalSection
	GlobalSection(ProjectConfigurationPlatforms) = postSolution
		{5E770A70-8EBC-43C7-856E-7A4DD4C7F228}.Debug|Any CPU.ActiveCfg = Debug|Any CPU
		{5E770A70-8EBC-43C7-856E-7A4DD4C7F228}.Debug|Any CPU.Build.0 = Debug|Any CPU
		{5E770A70-8EBC-43C7-856E-7A4DD4C7F228}.Release|Any CPU.ActiveCfg = Release|Any CPU
		{5E770A70-8EBC-43C7-856E-7A4DD4C7F228}.Release|Any CPU.Build.0 = Release|Any CPU
	EndGlobalSection
	GlobalSection(SolutionProperties) = preSolution
		HideSolutionNode = FALSE
	EndGlobalSection
	GlobalSection(ExtensibilityGlobals) = postSolution
		SolutionGuid = {7E55CC09-0C57-4B5D-9A88-524E35557822}
	EndGlobalSection
EndGlobal
